PODS:
  - Koloda (5.0.1):
    - pop (~> 1.0)
  - pop (1.0.12)
  - SwiftyJSON (5.0.1)

DEPENDENCIES:
  - Koloda
  - SwiftyJSON

SPEC REPOS:
  trunk:
    - Koloda
    - pop
    - SwiftyJSON

SPEC CHECKSUMS:
  Koloda: d07b9199a383abc5898b62aa945a599f5e7c0c4b
  pop: d582054913807fd11fd50bfe6a539d91c7e1a55a
  SwiftyJSON: 2f33a42c6fbc52764d96f13368585094bfd8aa5e

PODFILE CHECKSUM: 3cfc161e4fef19fcbc2157faf97a972b3b859cbf

COCOAPODS: 1.14.3
