// !$*UTF8*$!
{
	archiveVersion = 1;
	classes = {
	};
	objectVersion = 51;
	objects = {

/* Begin PBXBuildFile section */
		286D333C2704B18C00E6761E /* UIColor.swift in Sources */ = {isa = PBXBuildFile; fileRef = 286D33332704B18C00E6761E /* UIColor.swift */; };
		286D333D2704B18C00E6761E /* UIView.swift in Sources */ = {isa = PBXBuildFile; fileRef = 286D33342704B18C00E6761E /* UIView.swift */; };
		286D333E2704B18C00E6761E /* UIFont.swift in Sources */ = {isa = PBXBuildFile; fileRef = 286D33352704B18C00E6761E /* UIFont.swift */; };
		286D333F2704B18C00E6761E /* UICollectionView.swift in Sources */ = {isa = PBXBuildFile; fileRef = 286D33362704B18C00E6761E /* UICollectionView.swift */; };
		286D33402704B18C00E6761E /* UILabel.swift in Sources */ = {isa = PBXBuildFile; fileRef = 286D33372704B18C00E6761E /* UILabel.swift */; };
		286D33412704B18C00E6761E /* UINavigationController.swift in Sources */ = {isa = PBXBuildFile; fileRef = 286D33382704B18C00E6761E /* UINavigationController.swift */; };
		286D33422704B18C00E6761E /* UIImage.swift in Sources */ = {isa = PBXBuildFile; fileRef = 286D33392704B18C00E6761E /* UIImage.swift */; };
		286D33432704B18C00E6761E /* UITableView.swift in Sources */ = {isa = PBXBuildFile; fileRef = 286D333A2704B18C00E6761E /* UITableView.swift */; };
		286D33442704B18C00E6761E /* UIViewController.swift in Sources */ = {isa = PBXBuildFile; fileRef = 286D333B2704B18C00E6761E /* UIViewController.swift */; };
		286D33462704B1B900E6761E /* UIButton.swift in Sources */ = {isa = PBXBuildFile; fileRef = 286D33452704B1B900E6761E /* UIButton.swift */; };
		286D334B2704B23700E6761E /* swiftgen.yml in Resources */ = {isa = PBXBuildFile; fileRef = 286D334A2704B23600E6761E /* swiftgen.yml */; };
		286D334C2704B25C00E6761E /* Localizable.strings in Resources */ = {isa = PBXBuildFile; fileRef = 286D334E2704B25C00E6761E /* Localizable.strings */; };
		286D33512704B2EA00E6761E /* State.swift in Sources */ = {isa = PBXBuildFile; fileRef = 286D33502704B2EA00E6761E /* State.swift */; };
		286D33582704B30B00E6761E /* Constants.swift in Sources */ = {isa = PBXBuildFile; fileRef = 286D33522704B30B00E6761E /* Constants.swift */; };
		286D33592704B30B00E6761E /* Util.swift in Sources */ = {isa = PBXBuildFile; fileRef = 286D33532704B30B00E6761E /* Util.swift */; };
		286D335A2704B30B00E6761E /* Cells.swift in Sources */ = {isa = PBXBuildFile; fileRef = 286D33552704B30B00E6761E /* Cells.swift */; };
		286D335B2704B30B00E6761E /* Storyboards.swift in Sources */ = {isa = PBXBuildFile; fileRef = 286D33562704B30B00E6761E /* Storyboards.swift */; };
		286D335C2704B30B00E6761E /* Main.swift in Sources */ = {isa = PBXBuildFile; fileRef = 286D33572704B30B00E6761E /* Main.swift */; };
		286D335E2704B34A00E6761E /* Popups.swift in Sources */ = {isa = PBXBuildFile; fileRef = 286D335D2704B34A00E6761E /* Popups.swift */; };
		286D33602704B3C600E6761E /* CategoryViewController.swift in Sources */ = {isa = PBXBuildFile; fileRef = 286D335F2704B3C600E6761E /* CategoryViewController.swift */; };
		286D33632704B3D700E6761E /* BaseViewController.swift in Sources */ = {isa = PBXBuildFile; fileRef = 286D33622704B3D700E6761E /* BaseViewController.swift */; };
		286D33652704B55700E6761E /* LanguagePopupViewController.swift in Sources */ = {isa = PBXBuildFile; fileRef = 286D33642704B55700E6761E /* LanguagePopupViewController.swift */; };
		4A3ECF1C2704A3D100487902 /* AppDelegate.swift in Sources */ = {isa = PBXBuildFile; fileRef = 4A3ECF1B2704A3D100487902 /* AppDelegate.swift */; };
		4A3ECF1E2704A3D100487902 /* SceneDelegate.swift in Sources */ = {isa = PBXBuildFile; fileRef = 4A3ECF1D2704A3D100487902 /* SceneDelegate.swift */; };
		4A3ECF232704A3D100487902 /* Main.storyboard in Resources */ = {isa = PBXBuildFile; fileRef = 4A3ECF212704A3D100487902 /* Main.storyboard */; };
		4A3ECF252704A3D400487902 /* Assets.xcassets in Resources */ = {isa = PBXBuildFile; fileRef = 4A3ECF242704A3D400487902 /* Assets.xcassets */; };
		4A3ECF282704A3D400487902 /* LaunchScreen.storyboard in Resources */ = {isa = PBXBuildFile; fileRef = 4A3ECF262704A3D400487902 /* LaunchScreen.storyboard */; };
		4A49E02D270F2A95005478E4 /* InfoViewController.swift in Sources */ = {isa = PBXBuildFile; fileRef = 4A49E02C270F2A95005478E4 /* InfoViewController.swift */; };
		4A4CF750270852E400575D6C /* CardViewController.swift in Sources */ = {isa = PBXBuildFile; fileRef = 4A4CF74F270852E400575D6C /* CardViewController.swift */; };
		4A4CF7522708734B00575D6C /* categories_en.json in Resources */ = {isa = PBXBuildFile; fileRef = 4A4CF7512708734B00575D6C /* categories_en.json */; };
		4A4CF754270879C200575D6C /* categories_ru.json in Resources */ = {isa = PBXBuildFile; fileRef = 4A4CF753270879C200575D6C /* categories_ru.json */; };
		4A4CF76A2709947500575D6C /* Language.swift in Sources */ = {isa = PBXBuildFile; fileRef = 4A4CF7692709947500575D6C /* Language.swift */; };
		4A576993270C3D6E007E3AB1 /* SubscriptionViewController.swift in Sources */ = {isa = PBXBuildFile; fileRef = 4A576992270C3D6E007E3AB1 /* SubscriptionViewController.swift */; };
		4A576995270C3D83007E3AB1 /* GameOverViewController.swift in Sources */ = {isa = PBXBuildFile; fileRef = 4A576994270C3D83007E3AB1 /* GameOverViewController.swift */; };
		4A74ED5A270515AE00131643 /* NavigationController.swift in Sources */ = {isa = PBXBuildFile; fileRef = 4A74ED59270515AE00131643 /* NavigationController.swift */; };
		4A74ED5D270598CD00131643 /* Oswald-Medium.ttf in Resources */ = {isa = PBXBuildFile; fileRef = 4A74ED5B270598CC00131643 /* Oswald-Medium.ttf */; };
		4A74ED5E270598CD00131643 /* Oswald-SemiBold.ttf in Resources */ = {isa = PBXBuildFile; fileRef = 4A74ED5C270598CD00131643 /* Oswald-SemiBold.ttf */; };
		4A74ED6227059D8700131643 /* NHEButtonView.swift in Sources */ = {isa = PBXBuildFile; fileRef = 4A74ED6127059D8700131643 /* NHEButtonView.swift */; };
		4A74ED6427059F7000131643 /* SettingsViewController.swift in Sources */ = {isa = PBXBuildFile; fileRef = 4A74ED6327059F7000131643 /* SettingsViewController.swift */; };
		4A74ED6627059FBE00131643 /* TaskViewController.swift in Sources */ = {isa = PBXBuildFile; fileRef = 4A74ED6527059FBE00131643 /* TaskViewController.swift */; };
		4A74ED682705A07200131643 /* AlertPopupViewController.swift in Sources */ = {isa = PBXBuildFile; fileRef = 4A74ED672705A07200131643 /* AlertPopupViewController.swift */; };
		4A74ED6D2705D90700131643 /* CategoryTableViewCell.swift in Sources */ = {isa = PBXBuildFile; fileRef = 4A74ED6C2705D90700131643 /* CategoryTableViewCell.swift */; };
		4A74ED6F2705E7E000131643 /* LanguageTableViewCell.swift in Sources */ = {isa = PBXBuildFile; fileRef = 4A74ED6E2705E7E000131643 /* LanguageTableViewCell.swift */; };
		4A8A593A2709ABCC006C26DA /* Category.swift in Sources */ = {isa = PBXBuildFile; fileRef = 4A8A59392709ABCC006C26DA /* Category.swift */; };
		5922DD25F560E18C2133016C /* Pods_Never_Have_I.framework in Frameworks */ = {isa = PBXBuildFile; fileRef = F002E1AAB214EAB0638ADFA4 /* Pods_Never_Have_I.framework */; };
/* End PBXBuildFile section */

/* Begin PBXFileReference section */
		286D33332704B18C00E6761E /* UIColor.swift */ = {isa = PBXFileReference; fileEncoding = 4; lastKnownFileType = sourcecode.swift; path = UIColor.swift; sourceTree = "<group>"; };
		286D33342704B18C00E6761E /* UIView.swift */ = {isa = PBXFileReference; fileEncoding = 4; lastKnownFileType = sourcecode.swift; path = UIView.swift; sourceTree = "<group>"; };
		286D33352704B18C00E6761E /* UIFont.swift */ = {isa = PBXFileReference; fileEncoding = 4; lastKnownFileType = sourcecode.swift; path = UIFont.swift; sourceTree = "<group>"; };
		286D33362704B18C00E6761E /* UICollectionView.swift */ = {isa = PBXFileReference; fileEncoding = 4; lastKnownFileType = sourcecode.swift; path = UICollectionView.swift; sourceTree = "<group>"; };
		286D33372704B18C00E6761E /* UILabel.swift */ = {isa = PBXFileReference; fileEncoding = 4; lastKnownFileType = sourcecode.swift; path = UILabel.swift; sourceTree = "<group>"; };
		286D33382704B18C00E6761E /* UINavigationController.swift */ = {isa = PBXFileReference; fileEncoding = 4; lastKnownFileType = sourcecode.swift; path = UINavigationController.swift; sourceTree = "<group>"; };
		286D33392704B18C00E6761E /* UIImage.swift */ = {isa = PBXFileReference; fileEncoding = 4; lastKnownFileType = sourcecode.swift; path = UIImage.swift; sourceTree = "<group>"; };
		286D333A2704B18C00E6761E /* UITableView.swift */ = {isa = PBXFileReference; fileEncoding = 4; lastKnownFileType = sourcecode.swift; path = UITableView.swift; sourceTree = "<group>"; };
		286D333B2704B18C00E6761E /* UIViewController.swift */ = {isa = PBXFileReference; fileEncoding = 4; lastKnownFileType = sourcecode.swift; path = UIViewController.swift; sourceTree = "<group>"; };
		286D33452704B1B900E6761E /* UIButton.swift */ = {isa = PBXFileReference; lastKnownFileType = sourcecode.swift; path = UIButton.swift; sourceTree = "<group>"; };
		286D334A2704B23600E6761E /* swiftgen.yml */ = {isa = PBXFileReference; fileEncoding = 4; lastKnownFileType = text.yaml; path = swiftgen.yml; sourceTree = "<group>"; };
		286D334D2704B25C00E6761E /* en */ = {isa = PBXFileReference; lastKnownFileType = text.plist.strings; name = en; path = en.lproj/Localizable.strings; sourceTree = "<group>"; };
		286D33502704B2EA00E6761E /* State.swift */ = {isa = PBXFileReference; fileEncoding = 4; lastKnownFileType = sourcecode.swift; path = State.swift; sourceTree = "<group>"; };
		286D33522704B30B00E6761E /* Constants.swift */ = {isa = PBXFileReference; fileEncoding = 4; lastKnownFileType = sourcecode.swift; path = Constants.swift; sourceTree = "<group>"; };
		286D33532704B30B00E6761E /* Util.swift */ = {isa = PBXFileReference; fileEncoding = 4; lastKnownFileType = sourcecode.swift; path = Util.swift; sourceTree = "<group>"; };
		286D33552704B30B00E6761E /* Cells.swift */ = {isa = PBXFileReference; fileEncoding = 4; lastKnownFileType = sourcecode.swift; path = Cells.swift; sourceTree = "<group>"; };
		286D33562704B30B00E6761E /* Storyboards.swift */ = {isa = PBXFileReference; fileEncoding = 4; lastKnownFileType = sourcecode.swift; path = Storyboards.swift; sourceTree = "<group>"; };
		286D33572704B30B00E6761E /* Main.swift */ = {isa = PBXFileReference; fileEncoding = 4; lastKnownFileType = sourcecode.swift; path = Main.swift; sourceTree = "<group>"; };
		286D335D2704B34A00E6761E /* Popups.swift */ = {isa = PBXFileReference; lastKnownFileType = sourcecode.swift; path = Popups.swift; sourceTree = "<group>"; };
		286D335F2704B3C600E6761E /* CategoryViewController.swift */ = {isa = PBXFileReference; lastKnownFileType = sourcecode.swift; path = CategoryViewController.swift; sourceTree = "<group>"; };
		286D33622704B3D700E6761E /* BaseViewController.swift */ = {isa = PBXFileReference; fileEncoding = 4; lastKnownFileType = sourcecode.swift; path = BaseViewController.swift; sourceTree = "<group>"; };
		286D33642704B55700E6761E /* LanguagePopupViewController.swift */ = {isa = PBXFileReference; lastKnownFileType = sourcecode.swift; path = LanguagePopupViewController.swift; sourceTree = "<group>"; };
		4A3ECF182704A3D100487902 /* Never Have I.app */ = {isa = PBXFileReference; explicitFileType = wrapper.application; includeInIndex = 0; path = "Never Have I.app"; sourceTree = BUILT_PRODUCTS_DIR; };
		4A3ECF1B2704A3D100487902 /* AppDelegate.swift */ = {isa = PBXFileReference; lastKnownFileType = sourcecode.swift; path = AppDelegate.swift; sourceTree = "<group>"; };
		4A3ECF1D2704A3D100487902 /* SceneDelegate.swift */ = {isa = PBXFileReference; lastKnownFileType = sourcecode.swift; path = SceneDelegate.swift; sourceTree = "<group>"; };
		4A3ECF222704A3D100487902 /* Base */ = {isa = PBXFileReference; lastKnownFileType = file.storyboard; name = Base; path = Base.lproj/Main.storyboard; sourceTree = "<group>"; };
		4A3ECF242704A3D400487902 /* Assets.xcassets */ = {isa = PBXFileReference; lastKnownFileType = folder.assetcatalog; path = Assets.xcassets; sourceTree = "<group>"; };
		4A3ECF272704A3D400487902 /* Base */ = {isa = PBXFileReference; lastKnownFileType = file.storyboard; name = Base; path = Base.lproj/LaunchScreen.storyboard; sourceTree = "<group>"; };
		4A3ECF292704A3D400487902 /* Info.plist */ = {isa = PBXFileReference; lastKnownFileType = text.plist.xml; path = Info.plist; sourceTree = "<group>"; };
		4A49E02C270F2A95005478E4 /* InfoViewController.swift */ = {isa = PBXFileReference; lastKnownFileType = sourcecode.swift; path = InfoViewController.swift; sourceTree = "<group>"; };
		4A4CF74F270852E400575D6C /* CardViewController.swift */ = {isa = PBXFileReference; lastKnownFileType = sourcecode.swift; path = CardViewController.swift; sourceTree = "<group>"; };
		4A4CF7512708734B00575D6C /* categories_en.json */ = {isa = PBXFileReference; fileEncoding = 4; lastKnownFileType = text.json; name = categories_en.json; path = Tasks/categories_en.json; sourceTree = SOURCE_ROOT; };
		4A4CF753270879C200575D6C /* categories_ru.json */ = {isa = PBXFileReference; fileEncoding = 4; lastKnownFileType = text.json; name = categories_ru.json; path = Tasks/categories_ru.json; sourceTree = SOURCE_ROOT; };
		4A4CF7602708FC0900575D6C /* ru */ = {isa = PBXFileReference; lastKnownFileType = text.plist.strings; name = ru; path = ru.lproj/LaunchScreen.strings; sourceTree = "<group>"; };
		4A4CF7622708FC1700575D6C /* ru */ = {isa = PBXFileReference; lastKnownFileType = text.plist.strings; name = ru; path = ru.lproj/Localizable.strings; sourceTree = "<group>"; };
		4A4CF7632708FC4600575D6C /* de */ = {isa = PBXFileReference; lastKnownFileType = text.plist.strings; name = de; path = de.lproj/LaunchScreen.strings; sourceTree = "<group>"; };
		4A4CF7652708FC4600575D6C /* de */ = {isa = PBXFileReference; lastKnownFileType = text.plist.strings; name = de; path = de.lproj/Localizable.strings; sourceTree = "<group>"; };
		4A4CF7662708FC6B00575D6C /* fr */ = {isa = PBXFileReference; lastKnownFileType = text.plist.strings; name = fr; path = fr.lproj/LaunchScreen.strings; sourceTree = "<group>"; };
		4A4CF7682708FC6B00575D6C /* fr */ = {isa = PBXFileReference; lastKnownFileType = text.plist.strings; name = fr; path = fr.lproj/Localizable.strings; sourceTree = "<group>"; };
		4A4CF7692709947500575D6C /* Language.swift */ = {isa = PBXFileReference; lastKnownFileType = sourcecode.swift; path = Language.swift; sourceTree = "<group>"; };
		4A576992270C3D6E007E3AB1 /* SubscriptionViewController.swift */ = {isa = PBXFileReference; lastKnownFileType = sourcecode.swift; path = SubscriptionViewController.swift; sourceTree = "<group>"; };
		4A576994270C3D83007E3AB1 /* GameOverViewController.swift */ = {isa = PBXFileReference; lastKnownFileType = sourcecode.swift; path = GameOverViewController.swift; sourceTree = "<group>"; };
		4A74ED59270515AE00131643 /* NavigationController.swift */ = {isa = PBXFileReference; lastKnownFileType = sourcecode.swift; path = NavigationController.swift; sourceTree = "<group>"; };
		4A74ED5B270598CC00131643 /* Oswald-Medium.ttf */ = {isa = PBXFileReference; lastKnownFileType = file; name = "Oswald-Medium.ttf"; path = "Fonts/Oswald-Medium.ttf"; sourceTree = SOURCE_ROOT; };
		4A74ED5C270598CD00131643 /* Oswald-SemiBold.ttf */ = {isa = PBXFileReference; lastKnownFileType = file; name = "Oswald-SemiBold.ttf"; path = "Fonts/Oswald-SemiBold.ttf"; sourceTree = SOURCE_ROOT; };
		4A74ED6127059D8700131643 /* NHEButtonView.swift */ = {isa = PBXFileReference; lastKnownFileType = sourcecode.swift; path = NHEButtonView.swift; sourceTree = "<group>"; };
		4A74ED6327059F7000131643 /* SettingsViewController.swift */ = {isa = PBXFileReference; lastKnownFileType = sourcecode.swift; path = SettingsViewController.swift; sourceTree = "<group>"; };
		4A74ED6527059FBE00131643 /* TaskViewController.swift */ = {isa = PBXFileReference; lastKnownFileType = sourcecode.swift; path = TaskViewController.swift; sourceTree = "<group>"; };
		4A74ED672705A07200131643 /* AlertPopupViewController.swift */ = {isa = PBXFileReference; lastKnownFileType = sourcecode.swift; path = AlertPopupViewController.swift; sourceTree = "<group>"; };
		4A74ED6C2705D90700131643 /* CategoryTableViewCell.swift */ = {isa = PBXFileReference; lastKnownFileType = sourcecode.swift; path = CategoryTableViewCell.swift; sourceTree = "<group>"; };
		4A74ED6E2705E7E000131643 /* LanguageTableViewCell.swift */ = {isa = PBXFileReference; lastKnownFileType = sourcecode.swift; path = LanguageTableViewCell.swift; sourceTree = "<group>"; };
		4A8A59392709ABCC006C26DA /* Category.swift */ = {isa = PBXFileReference; lastKnownFileType = sourcecode.swift; path = Category.swift; sourceTree = "<group>"; };
		4BBE68FEB33DF5548A7D5C14 /* Pods-Never Have I.release.xcconfig */ = {isa = PBXFileReference; includeInIndex = 1; lastKnownFileType = text.xcconfig; name = "Pods-Never Have I.release.xcconfig"; path = "Target Support Files/Pods-Never Have I/Pods-Never Have I.release.xcconfig"; sourceTree = "<group>"; };
		D3092D0C94FAADD1BDF55266 /* Pods-Never Have I.debug.xcconfig */ = {isa = PBXFileReference; includeInIndex = 1; lastKnownFileType = text.xcconfig; name = "Pods-Never Have I.debug.xcconfig"; path = "Target Support Files/Pods-Never Have I/Pods-Never Have I.debug.xcconfig"; sourceTree = "<group>"; };
		F002E1AAB214EAB0638ADFA4 /* Pods_Never_Have_I.framework */ = {isa = PBXFileReference; explicitFileType = wrapper.framework; includeInIndex = 0; path = Pods_Never_Have_I.framework; sourceTree = BUILT_PRODUCTS_DIR; };
/* End PBXFileReference section */

/* Begin PBXFrameworksBuildPhase section */
		4A3ECF152704A3D100487902 /* Frameworks */ = {
			isa = PBXFrameworksBuildPhase;
			buildActionMask = 2147483647;
			files = (
				5922DD25F560E18C2133016C /* Pods_Never_Have_I.framework in Frameworks */,
			);
			runOnlyForDeploymentPostprocessing = 0;
		};
/* End PBXFrameworksBuildPhase section */

/* Begin PBXGroup section */
		286D33282704B0A900E6761E /* Utils */ = {
			isa = PBXGroup;
			children = (
				286D33542704B30B00E6761E /* Screens */,
				286D33522704B30B00E6761E /* Constants.swift */,
				286D33532704B30B00E6761E /* Util.swift */,
			);
			path = Utils;
			sourceTree = "<group>";
		};
		286D33292704B0AF00E6761E /* Application */ = {
			isa = PBXGroup;
			children = (
				4A3ECF1B2704A3D100487902 /* AppDelegate.swift */,
				4A3ECF1D2704A3D100487902 /* SceneDelegate.swift */,
				4A3ECF292704A3D400487902 /* Info.plist */,
			);
			name = Application;
			sourceTree = "<group>";
		};
		286D332A2704B0CA00E6761E /* Views */ = {
			isa = PBXGroup;
			children = (
				4A74ED6127059D8700131643 /* NHEButtonView.swift */,
			);
			path = Views;
			sourceTree = "<group>";
		};
		286D332B2704B0CF00E6761E /* Screens */ = {
			isa = PBXGroup;
			children = (
				286D33622704B3D700E6761E /* BaseViewController.swift */,
				286D33312704B0FD00E6761E /* Launch Screen */,
				286D33302704B0FB00E6761E /* Main */,
			);
			path = Screens;
			sourceTree = "<group>";
		};
		286D332C2704B0D400E6761E /* Resources */ = {
			isa = PBXGroup;
			children = (
				286D33662704B75C00E6761E /* Tasks */,
				286D332D2704B0D900E6761E /* Fonts */,
			);
			path = Resources;
			sourceTree = "<group>";
		};
		286D332D2704B0D900E6761E /* Fonts */ = {
			isa = PBXGroup;
			children = (
				4A74ED5B270598CC00131643 /* Oswald-Medium.ttf */,
				4A74ED5C270598CD00131643 /* Oswald-SemiBold.ttf */,
			);
			path = Fonts;
			sourceTree = "<group>";
		};
		286D332F2704B0EF00E6761E /* Extensions */ = {
			isa = PBXGroup;
			children = (
				286D33452704B1B900E6761E /* UIButton.swift */,
				286D33362704B18C00E6761E /* UICollectionView.swift */,
				286D33332704B18C00E6761E /* UIColor.swift */,
				286D33352704B18C00E6761E /* UIFont.swift */,
				286D33392704B18C00E6761E /* UIImage.swift */,
				286D33372704B18C00E6761E /* UILabel.swift */,
				286D33382704B18C00E6761E /* UINavigationController.swift */,
				286D333A2704B18C00E6761E /* UITableView.swift */,
				286D33342704B18C00E6761E /* UIView.swift */,
				286D333B2704B18C00E6761E /* UIViewController.swift */,
			);
			path = Extensions;
			sourceTree = "<group>";
		};
		286D33302704B0FB00E6761E /* Main */ = {
			isa = PBXGroup;
			children = (
				4A4CF74D270851D400575D6C /* Views */,
				4A74ED6B2705D8F200131643 /* Cells */,
				286D33612704B3C900E6761E /* Popups */,
				286D33322704B11200E6761E /* Controllers */,
				4A3ECF212704A3D100487902 /* Main.storyboard */,
			);
			path = Main;
			sourceTree = "<group>";
		};
		286D33312704B0FD00E6761E /* Launch Screen */ = {
			isa = PBXGroup;
			children = (
				4A3ECF262704A3D400487902 /* LaunchScreen.storyboard */,
			);
			path = "Launch Screen";
			sourceTree = "<group>";
		};
		286D33322704B11200E6761E /* Controllers */ = {
			isa = PBXGroup;
			children = (
				286D335F2704B3C600E6761E /* CategoryViewController.swift */,
				4A74ED59270515AE00131643 /* NavigationController.swift */,
				4A74ED6327059F7000131643 /* SettingsViewController.swift */,
				4A74ED6527059FBE00131643 /* TaskViewController.swift */,
				4A576992270C3D6E007E3AB1 /* SubscriptionViewController.swift */,
				4A576994270C3D83007E3AB1 /* GameOverViewController.swift */,
				4A49E02C270F2A95005478E4 /* InfoViewController.swift */,
			);
			path = Controllers;
			sourceTree = "<group>";
		};
		286D33472704B1F000E6761E /* Localization */ = {
			isa = PBXGroup;
			children = (
				286D334E2704B25C00E6761E /* Localizable.strings */,
				286D334A2704B23600E6761E /* swiftgen.yml */,
			);
			path = Localization;
			sourceTree = "<group>";
		};
		286D334F2704B27000E6761E /* Model */ = {
			isa = PBXGroup;
			children = (
				286D33502704B2EA00E6761E /* State.swift */,
				4A4CF7692709947500575D6C /* Language.swift */,
				4A8A59392709ABCC006C26DA /* Category.swift */,
			);
			path = Model;
			sourceTree = "<group>";
		};
		286D33542704B30B00E6761E /* Screens */ = {
			isa = PBXGroup;
			children = (
				286D33552704B30B00E6761E /* Cells.swift */,
				286D33562704B30B00E6761E /* Storyboards.swift */,
				286D335D2704B34A00E6761E /* Popups.swift */,
				286D33572704B30B00E6761E /* Main.swift */,
			);
			path = Screens;
			sourceTree = "<group>";
		};
		286D33612704B3C900E6761E /* Popups */ = {
			isa = PBXGroup;
			children = (
				4A74ED672705A07200131643 /* AlertPopupViewController.swift */,
				286D33642704B55700E6761E /* LanguagePopupViewController.swift */,
			);
			path = Popups;
			sourceTree = "<group>";
		};
		286D33662704B75C00E6761E /* Tasks */ = {
			isa = PBXGroup;
			children = (
				4A4CF753270879C200575D6C /* categories_ru.json */,
				4A4CF7512708734B00575D6C /* categories_en.json */,
			);
			path = Tasks;
			sourceTree = "<group>";
		};
		4A3ECF0F2704A3D100487902 = {
			isa = PBXGroup;
			children = (
				4A3ECF1A2704A3D100487902 /* Never Have I */,
				4A3ECF192704A3D100487902 /* Products */,
				BC0DEA74C0D802D26FC44A41 /* Pods */,
				FF70A967FF1F207050618854 /* Frameworks */,
			);
			sourceTree = "<group>";
		};
		4A3ECF192704A3D100487902 /* Products */ = {
			isa = PBXGroup;
			children = (
				4A3ECF182704A3D100487902 /* Never Have I.app */,
			);
			name = Products;
			sourceTree = "<group>";
		};
		4A3ECF1A2704A3D100487902 /* Never Have I */ = {
			isa = PBXGroup;
			children = (
				4A3ECF242704A3D400487902 /* Assets.xcassets */,
				286D33292704B0AF00E6761E /* Application */,
				286D332F2704B0EF00E6761E /* Extensions */,
				286D33472704B1F000E6761E /* Localization */,
				286D334F2704B27000E6761E /* Model */,
				286D332C2704B0D400E6761E /* Resources */,
				286D332B2704B0CF00E6761E /* Screens */,
				286D33282704B0A900E6761E /* Utils */,
				286D332A2704B0CA00E6761E /* Views */,
			);
			path = "Never Have I";
			sourceTree = "<group>";
		};
		4A4CF74D270851D400575D6C /* Views */ = {
			isa = PBXGroup;
			children = (
				4A4CF74F270852E400575D6C /* CardViewController.swift */,
			);
			path = Views;
			sourceTree = "<group>";
		};
		4A74ED6B2705D8F200131643 /* Cells */ = {
			isa = PBXGroup;
			children = (
				4A74ED6C2705D90700131643 /* CategoryTableViewCell.swift */,
				4A74ED6E2705E7E000131643 /* LanguageTableViewCell.swift */,
			);
			path = Cells;
			sourceTree = "<group>";
		};
		BC0DEA74C0D802D26FC44A41 /* Pods */ = {
			isa = PBXGroup;
			children = (
				D3092D0C94FAADD1BDF55266 /* Pods-Never Have I.debug.xcconfig */,
				4BBE68FEB33DF5548A7D5C14 /* Pods-Never Have I.release.xcconfig */,
			);
			path = Pods;
			sourceTree = "<group>";
		};
		FF70A967FF1F207050618854 /* Frameworks */ = {
			isa = PBXGroup;
			children = (
				F002E1AAB214EAB0638ADFA4 /* Pods_Never_Have_I.framework */,
			);
			name = Frameworks;
			sourceTree = "<group>";
		};
/* End PBXGroup section */

/* Begin PBXNativeTarget section */
		4A3ECF172704A3D100487902 /* Never Have I */ = {
			isa = PBXNativeTarget;
			buildConfigurationList = 4A3ECF2C2704A3D400487902 /* Build configuration list for PBXNativeTarget "Never Have I" */;
			buildPhases = (
				F9A92C82CBDC9DCD627E002B /* [CP] Check Pods Manifest.lock */,
				4A3ECF142704A3D100487902 /* Sources */,
				4A3ECF152704A3D100487902 /* Frameworks */,
				4A3ECF162704A3D100487902 /* Resources */,
				8770C873BCEB1033D4D79E83 /* [CP] Embed Pods Frameworks */,
			);
			buildRules = (
			);
			dependencies = (
			);
			name = "Never Have I";
			productName = "Never Have I";
			productReference = 4A3ECF182704A3D100487902 /* Never Have I.app */;
			productType = "com.apple.product-type.application";
		};
/* End PBXNativeTarget section */

/* Begin PBXProject section */
		4A3ECF102704A3D100487902 /* Project object */ = {
			isa = PBXProject;
			attributes = {
				LastSwiftUpdateCheck = 1250;
				LastUpgradeCheck = 1250;
				TargetAttributes = {
					4A3ECF172704A3D100487902 = {
						CreatedOnToolsVersion = 12.5.1;
					};
				};
			};
			buildConfigurationList = 4A3ECF132704A3D100487902 /* Build configuration list for PBXProject "Never Have I" */;
			compatibilityVersion = "Xcode 9.3";
			developmentRegion = en;
			hasScannedForEncodings = 0;
			knownRegions = (
				en,
				Base,
				ru,
				de,
				fr,
			);
			mainGroup = 4A3ECF0F2704A3D100487902;
			productRefGroup = 4A3ECF192704A3D100487902 /* Products */;
			projectDirPath = "";
			projectRoot = "";
			targets = (
				4A3ECF172704A3D100487902 /* Never Have I */,
			);
		};
/* End PBXProject section */

/* Begin PBXResourcesBuildPhase section */
		4A3ECF162704A3D100487902 /* Resources */ = {
			isa = PBXResourcesBuildPhase;
			buildActionMask = 2147483647;
			files = (
				4A3ECF282704A3D400487902 /* LaunchScreen.storyboard in Resources */,
				286D334B2704B23700E6761E /* swiftgen.yml in Resources */,
				4A4CF754270879C200575D6C /* categories_ru.json in Resources */,
				286D334C2704B25C00E6761E /* Localizable.strings in Resources */,
				4A74ED5D270598CD00131643 /* Oswald-Medium.ttf in Resources */,
				4A3ECF252704A3D400487902 /* Assets.xcassets in Resources */,
				4A3ECF232704A3D100487902 /* Main.storyboard in Resources */,
				4A74ED5E270598CD00131643 /* Oswald-SemiBold.ttf in Resources */,
				4A4CF7522708734B00575D6C /* categories_en.json in Resources */,
			);
			runOnlyForDeploymentPostprocessing = 0;
		};
/* End PBXResourcesBuildPhase section */

/* Begin PBXShellScriptBuildPhase section */
		8770C873BCEB1033D4D79E83 /* [CP] Embed Pods Frameworks */ = {
			isa = PBXShellScriptBuildPhase;
			buildActionMask = 2147483647;
			files = (
			);
			inputFileListPaths = (
				"${PODS_ROOT}/Target Support Files/Pods-Never Have I/Pods-Never Have I-frameworks-${CONFIGURATION}-input-files.xcfilelist",
			);
			name = "[CP] Embed Pods Frameworks";
			outputFileListPaths = (
				"${PODS_ROOT}/Target Support Files/Pods-Never Have I/Pods-Never Have I-frameworks-${CONFIGURATION}-output-files.xcfilelist",
			);
			runOnlyForDeploymentPostprocessing = 0;
			shellPath = /bin/sh;
			shellScript = "\"${PODS_ROOT}/Target Support Files/Pods-Never Have I/Pods-Never Have I-frameworks.sh\"\n";
			showEnvVarsInLog = 0;
		};
		F9A92C82CBDC9DCD627E002B /* [CP] Check Pods Manifest.lock */ = {
			isa = PBXShellScriptBuildPhase;
			buildActionMask = 2147483647;
			files = (
			);
			inputFileListPaths = (
			);
			inputPaths = (
				"${PODS_PODFILE_DIR_PATH}/Podfile.lock",
				"${PODS_ROOT}/Manifest.lock",
			);
			name = "[CP] Check Pods Manifest.lock";
			outputFileListPaths = (
			);
			outputPaths = (
				"$(DERIVED_FILE_DIR)/Pods-Never Have I-checkManifestLockResult.txt",
			);
			runOnlyForDeploymentPostprocessing = 0;
			shellPath = /bin/sh;
			shellScript = "diff \"${PODS_PODFILE_DIR_PATH}/Podfile.lock\" \"${PODS_ROOT}/Manifest.lock\" > /dev/null\nif [ $? != 0 ] ; then\n    # print error to STDERR\n    echo \"error: The sandbox is not in sync with the Podfile.lock. Run 'pod install' or update your CocoaPods installation.\" >&2\n    exit 1\nfi\n# This output is used by Xcode 'outputs' to avoid re-running this script phase.\necho \"SUCCESS\" > \"${SCRIPT_OUTPUT_FILE_0}\"\n";
			showEnvVarsInLog = 0;
		};
/* End PBXShellScriptBuildPhase section */

/* Begin PBXSourcesBuildPhase section */
		4A3ECF142704A3D100487902 /* Sources */ = {
			isa = PBXSourcesBuildPhase;
			buildActionMask = 2147483647;
			files = (
				286D335C2704B30B00E6761E /* Main.swift in Sources */,
				286D333F2704B18C00E6761E /* UICollectionView.swift in Sources */,
				286D33412704B18C00E6761E /* UINavigationController.swift in Sources */,
				286D333D2704B18C00E6761E /* UIView.swift in Sources */,
				4A576995270C3D83007E3AB1 /* GameOverViewController.swift in Sources */,
				286D33442704B18C00E6761E /* UIViewController.swift in Sources */,
				286D33632704B3D700E6761E /* BaseViewController.swift in Sources */,
				286D33402704B18C00E6761E /* UILabel.swift in Sources */,
				4A8A593A2709ABCC006C26DA /* Category.swift in Sources */,
				4A3ECF1C2704A3D100487902 /* AppDelegate.swift in Sources */,
				4A4CF750270852E400575D6C /* CardViewController.swift in Sources */,
				4A74ED6627059FBE00131643 /* TaskViewController.swift in Sources */,
				286D333C2704B18C00E6761E /* UIColor.swift in Sources */,
				286D335B2704B30B00E6761E /* Storyboards.swift in Sources */,
				4A74ED682705A07200131643 /* AlertPopupViewController.swift in Sources */,
				4A74ED6227059D8700131643 /* NHEButtonView.swift in Sources */,
				286D33592704B30B00E6761E /* Util.swift in Sources */,
				286D33422704B18C00E6761E /* UIImage.swift in Sources */,
				286D335A2704B30B00E6761E /* Cells.swift in Sources */,
				286D33432704B18C00E6761E /* UITableView.swift in Sources */,
				4A74ED6D2705D90700131643 /* CategoryTableViewCell.swift in Sources */,
				286D33512704B2EA00E6761E /* State.swift in Sources */,
				4A74ED6F2705E7E000131643 /* LanguageTableViewCell.swift in Sources */,
				4A74ED5A270515AE00131643 /* NavigationController.swift in Sources */,
				4A49E02D270F2A95005478E4 /* InfoViewController.swift in Sources */,
				4A4CF76A2709947500575D6C /* Language.swift in Sources */,
				286D333E2704B18C00E6761E /* UIFont.swift in Sources */,
				286D33602704B3C600E6761E /* CategoryViewController.swift in Sources */,
				286D33582704B30B00E6761E /* Constants.swift in Sources */,
				4A576993270C3D6E007E3AB1 /* SubscriptionViewController.swift in Sources */,
				4A3ECF1E2704A3D100487902 /* SceneDelegate.swift in Sources */,
				286D335E2704B34A00E6761E /* Popups.swift in Sources */,
				4A74ED6427059F7000131643 /* SettingsViewController.swift in Sources */,
				286D33652704B55700E6761E /* LanguagePopupViewController.swift in Sources */,
				286D33462704B1B900E6761E /* UIButton.swift in Sources */,
			);
			runOnlyForDeploymentPostprocessing = 0;
		};
/* End PBXSourcesBuildPhase section */

/* Begin PBXVariantGroup section */
		286D334E2704B25C00E6761E /* Localizable.strings */ = {
			isa = PBXVariantGroup;
			children = (
				286D334D2704B25C00E6761E /* en */,
				4A4CF7622708FC1700575D6C /* ru */,
				4A4CF7652708FC4600575D6C /* de */,
				4A4CF7682708FC6B00575D6C /* fr */,
			);
			name = Localizable.strings;
			sourceTree = "<group>";
		};
		4A3ECF212704A3D100487902 /* Main.storyboard */ = {
			isa = PBXVariantGroup;
			children = (
				4A3ECF222704A3D100487902 /* Base */,
			);
			name = Main.storyboard;
			sourceTree = "<group>";
		};
		4A3ECF262704A3D400487902 /* LaunchScreen.storyboard */ = {
			isa = PBXVariantGroup;
			children = (
				4A3ECF272704A3D400487902 /* Base */,
				4A4CF7602708FC0900575D6C /* ru */,
				4A4CF7632708FC4600575D6C /* de */,
				4A4CF7662708FC6B00575D6C /* fr */,
			);
			name = LaunchScreen.storyboard;
			sourceTree = "<group>";
		};
/* End PBXVariantGroup section */

/* Begin XCBuildConfiguration section */
		4A3ECF2A2704A3D400487902 /* Debug */ = {
			isa = XCBuildConfiguration;
			buildSettings = {
				ALWAYS_SEARCH_USER_PATHS = NO;
				CLANG_ANALYZER_LOCALIZABILITY_NONLOCALIZED = YES;
				CLANG_ANALYZER_NONNULL = YES;
				CLANG_ANALYZER_NUMBER_OBJECT_CONVERSION = YES_AGGRESSIVE;
				CLANG_CXX_LANGUAGE_STANDARD = "gnu++14";
				CLANG_CXX_LIBRARY = "libc++";
				CLANG_ENABLE_MODULES = YES;
				CLANG_ENABLE_OBJC_ARC = YES;
				CLANG_ENABLE_OBJC_WEAK = YES;
				CLANG_WARN_BLOCK_CAPTURE_AUTORELEASING = YES;
				CLANG_WARN_BOOL_CONVERSION = YES;
				CLANG_WARN_COMMA = YES;
				CLANG_WARN_CONSTANT_CONVERSION = YES;
				CLANG_WARN_DEPRECATED_OBJC_IMPLEMENTATIONS = YES;
				CLANG_WARN_DIRECT_OBJC_ISA_USAGE = YES_ERROR;
				CLANG_WARN_DOCUMENTATION_COMMENTS = YES;
				CLANG_WARN_EMPTY_BODY = YES;
				CLANG_WARN_ENUM_CONVERSION = YES;
				CLANG_WARN_INFINITE_RECURSION = YES;
				CLANG_WARN_INT_CONVERSION = YES;
				CLANG_WARN_NON_LITERAL_NULL_CONVERSION = YES;
				CLANG_WARN_OBJC_IMPLICIT_RETAIN_SELF = YES;
				CLANG_WARN_OBJC_LITERAL_CONVERSION = YES;
				CLANG_WARN_OBJC_ROOT_CLASS = YES_ERROR;
				CLANG_WARN_QUOTED_INCLUDE_IN_FRAMEWORK_HEADER = YES;
				CLANG_WARN_RANGE_LOOP_ANALYSIS = YES;
				CLANG_WARN_STRICT_PROTOTYPES = YES;
				CLANG_WARN_SUSPICIOUS_MOVE = YES;
				CLANG_WARN_UNGUARDED_AVAILABILITY = YES_AGGRESSIVE;
				CLANG_WARN_UNREACHABLE_CODE = YES;
				CLANG_WARN__DUPLICATE_METHOD_MATCH = YES;
				COPY_PHASE_STRIP = NO;
				DEBUG_INFORMATION_FORMAT = dwarf;
				ENABLE_STRICT_OBJC_MSGSEND = YES;
				ENABLE_TESTABILITY = YES;
				GCC_C_LANGUAGE_STANDARD = gnu11;
				GCC_DYNAMIC_NO_PIC = NO;
				GCC_NO_COMMON_BLOCKS = YES;
				GCC_OPTIMIZATION_LEVEL = 0;
				GCC_PREPROCESSOR_DEFINITIONS = (
					"DEBUG=1",
					"$(inherited)",
				);
				GCC_WARN_64_TO_32_BIT_CONVERSION = YES;
				GCC_WARN_ABOUT_RETURN_TYPE = YES_ERROR;
				GCC_WARN_UNDECLARED_SELECTOR = YES;
				GCC_WARN_UNINITIALIZED_AUTOS = YES_AGGRESSIVE;
				GCC_WARN_UNUSED_FUNCTION = YES;
				GCC_WARN_UNUSED_VARIABLE = YES;
				IPHONEOS_DEPLOYMENT_TARGET = 14.5;
				MTL_ENABLE_DEBUG_INFO = INCLUDE_SOURCE;
				MTL_FAST_MATH = YES;
				ONLY_ACTIVE_ARCH = YES;
				SDKROOT = iphoneos;
				SWIFT_ACTIVE_COMPILATION_CONDITIONS = DEBUG;
				SWIFT_OPTIMIZATION_LEVEL = "-Onone";
			};
			name = Debug;
		};
		4A3ECF2B2704A3D400487902 /* Release */ = {
			isa = XCBuildConfiguration;
			buildSettings = {
				ALWAYS_SEARCH_USER_PATHS = NO;
				CLANG_ANALYZER_LOCALIZABILITY_NONLOCALIZED = YES;
				CLANG_ANALYZER_NONNULL = YES;
				CLANG_ANALYZER_NUMBER_OBJECT_CONVERSION = YES_AGGRESSIVE;
				CLANG_CXX_LANGUAGE_STANDARD = "gnu++14";
				CLANG_CXX_LIBRARY = "libc++";
				CLANG_ENABLE_MODULES = YES;
				CLANG_ENABLE_OBJC_ARC = YES;
				CLANG_ENABLE_OBJC_WEAK = YES;
				CLANG_WARN_BLOCK_CAPTURE_AUTORELEASING = YES;
				CLANG_WARN_BOOL_CONVERSION = YES;
				CLANG_WARN_COMMA = YES;
				CLANG_WARN_CONSTANT_CONVERSION = YES;
				CLANG_WARN_DEPRECATED_OBJC_IMPLEMENTATIONS = YES;
				CLANG_WARN_DIRECT_OBJC_ISA_USAGE = YES_ERROR;
				CLANG_WARN_DOCUMENTATION_COMMENTS = YES;
				CLANG_WARN_EMPTY_BODY = YES;
				CLANG_WARN_ENUM_CONVERSION = YES;
				CLANG_WARN_INFINITE_RECURSION = YES;
				CLANG_WARN_INT_CONVERSION = YES;
				CLANG_WARN_NON_LITERAL_NULL_CONVERSION = YES;
				CLANG_WARN_OBJC_IMPLICIT_RETAIN_SELF = YES;
				CLANG_WARN_OBJC_LITERAL_CONVERSION = YES;
				CLANG_WARN_OBJC_ROOT_CLASS = YES_ERROR;
				CLANG_WARN_QUOTED_INCLUDE_IN_FRAMEWORK_HEADER = YES;
				CLANG_WARN_RANGE_LOOP_ANALYSIS = YES;
				CLANG_WARN_STRICT_PROTOTYPES = YES;
				CLANG_WARN_SUSPICIOUS_MOVE = YES;
				CLANG_WARN_UNGUARDED_AVAILABILITY = YES_AGGRESSIVE;
				CLANG_WARN_UNREACHABLE_CODE = YES;
				CLANG_WARN__DUPLICATE_METHOD_MATCH = YES;
				COPY_PHASE_STRIP = NO;
				DEBUG_INFORMATION_FORMAT = "dwarf-with-dsym";
				ENABLE_NS_ASSERTIONS = NO;
				ENABLE_STRICT_OBJC_MSGSEND = YES;
				GCC_C_LANGUAGE_STANDARD = gnu11;
				GCC_NO_COMMON_BLOCKS = YES;
				GCC_WARN_64_TO_32_BIT_CONVERSION = YES;
				GCC_WARN_ABOUT_RETURN_TYPE = YES_ERROR;
				GCC_WARN_UNDECLARED_SELECTOR = YES;
				GCC_WARN_UNINITIALIZED_AUTOS = YES_AGGRESSIVE;
				GCC_WARN_UNUSED_FUNCTION = YES;
				GCC_WARN_UNUSED_VARIABLE = YES;
				IPHONEOS_DEPLOYMENT_TARGET = 14.5;
				MTL_ENABLE_DEBUG_INFO = NO;
				MTL_FAST_MATH = YES;
				SDKROOT = iphoneos;
				SWIFT_COMPILATION_MODE = wholemodule;
				SWIFT_OPTIMIZATION_LEVEL = "-O";
				VALIDATE_PRODUCT = YES;
			};
			name = Release;
		};
		4A3ECF2D2704A3D400487902 /* Debug */ = {
			isa = XCBuildConfiguration;
			baseConfigurationReference = D3092D0C94FAADD1BDF55266 /* Pods-Never Have I.debug.xcconfig */;
			buildSettings = {
				ASSETCATALOG_COMPILER_APPICON_NAME = AppIcon;
				ASSETCATALOG_COMPILER_GLOBAL_ACCENT_COLOR_NAME = AccentColor;
				CODE_SIGN_STYLE = Automatic;
				DEVELOPMENT_TEAM = 95G2CDLKC7;
				INFOPLIST_FILE = "Never Have I/Info.plist";
				IPHONEOS_DEPLOYMENT_TARGET = 13.0;
				LD_RUNPATH_SEARCH_PATHS = (
					"$(inherited)",
					"@executable_path/Frameworks",
				);
				PRODUCT_BUNDLE_IDENTIFIER = "com.ua.artmouse.never-have-i";
				PRODUCT_NAME = "$(TARGET_NAME)";
				SWIFT_VERSION = 5.0;
				TARGETED_DEVICE_FAMILY = "1,2";
			};
			name = Debug;
		};
		4A3ECF2E2704A3D400487902 /* Release */ = {
			isa = XCBuildConfiguration;
			baseConfigurationReference = 4BBE68FEB33DF5548A7D5C14 /* Pods-Never Have I.release.xcconfig */;
			buildSettings = {
				ASSETCATALOG_COMPILER_APPICON_NAME = AppIcon;
				ASSETCATALOG_COMPILER_GLOBAL_ACCENT_COLOR_NAME = AccentColor;
				CODE_SIGN_STYLE = Automatic;
				DEVELOPMENT_TEAM = 95G2CDLKC7;
				INFOPLIST_FILE = "Never Have I/Info.plist";
				IPHONEOS_DEPLOYMENT_TARGET = 13.0;
				LD_RUNPATH_SEARCH_PATHS = (
					"$(inherited)",
					"@executable_path/Frameworks",
				);
				PRODUCT_BUNDLE_IDENTIFIER = "com.ua.artmouse.never-have-i";
				PRODUCT_NAME = "$(TARGET_NAME)";
				SWIFT_VERSION = 5.0;
				TARGETED_DEVICE_FAMILY = "1,2";
			};
			name = Release;
		};
/* End XCBuildConfiguration section */

/* Begin XCConfigurationList section */
		4A3ECF132704A3D100487902 /* Build configuration list for PBXProject "Never Have I" */ = {
			isa = XCConfigurationList;
			buildConfigurations = (
				4A3ECF2A2704A3D400487902 /* Debug */,
				4A3ECF2B2704A3D400487902 /* Release */,
			);
			defaultConfigurationIsVisible = 0;
			defaultConfigurationName = Release;
		};
		4A3ECF2C2704A3D400487902 /* Build configuration list for PBXNativeTarget "Never Have I" */ = {
			isa = XCConfigurationList;
			buildConfigurations = (
				4A3ECF2D2704A3D400487902 /* Debug */,
				4A3ECF2E2704A3D400487902 /* Release */,
			);
			defaultConfigurationIsVisible = 0;
			defaultConfigurationName = Release;
		};
/* End XCConfigurationList section */
	};
	rootObject = 4A3ECF102704A3D100487902 /* Project object */;
}
